// !$*UTF8*$!
{
	archiveVersion = 1;
	classes = {
	};
	objectVersion = 46;
	objects = {

/* Begin PBXBuildFile section */
		17465E67273FB4BE3941A0E9 /* Pods_GistSearcherTests.framework in Frameworks */ = {isa = PBXBuildFile; fileRef = E9A1331644256815745B3885 /* Pods_GistSearcherTests.framework */; };
		91BA65F3BBE8ADADE561A48A /* Pods_GistSearcher.framework in Frameworks */ = {isa = PBXBuildFile; fileRef = B7F3C42D33B94AD9EA91303D /* Pods_GistSearcher.framework */; };
		ADAB89351EA5990A004E0370 /* AppDelegate.swift in Sources */ = {isa = PBXBuildFile; fileRef = ADAB89341EA5990A004E0370 /* AppDelegate.swift */; };
		ADAB89371EA5990A004E0370 /* GSMainViewController.swift in Sources */ = {isa = PBXBuildFile; fileRef = ADAB89361EA5990A004E0370 /* GSMainViewController.swift */; };
		ADAB893A1EA5990A004E0370 /* Main.storyboard in Resources */ = {isa = PBXBuildFile; fileRef = ADAB89381EA5990A004E0370 /* Main.storyboard */; };
		ADAB893C1EA5990A004E0370 /* Assets.xcassets in Resources */ = {isa = PBXBuildFile; fileRef = ADAB893B1EA5990A004E0370 /* Assets.xcassets */; };
		ADAB893F1EA5990A004E0370 /* LaunchScreen.storyboard in Resources */ = {isa = PBXBuildFile; fileRef = ADAB893D1EA5990A004E0370 /* LaunchScreen.storyboard */; };
		ADAB894A1EA5990A004E0370 /* GistSearcherTests.swift in Sources */ = {isa = PBXBuildFile; fileRef = ADAB89491EA5990A004E0370 /* GistSearcherTests.swift */; };
		ADAB89591EAA8C21004E0370 /* GSQRCodeReaderViewController.swift in Sources */ = {isa = PBXBuildFile; fileRef = ADAB89581EAA8C21004E0370 /* GSQRCodeReaderViewController.swift */; };
		ADAB895B1EAA8C2E004E0370 /* GSGistListViewController.swift in Sources */ = {isa = PBXBuildFile; fileRef = ADAB895A1EAA8C2E004E0370 /* GSGistListViewController.swift */; };
		ADAB895D1EAA8CA9004E0370 /* GSGistDetailViewController.swift in Sources */ = {isa = PBXBuildFile; fileRef = ADAB895C1EAA8CA9004E0370 /* GSGistDetailViewController.swift */; };
		ADAB895F1EAA8CBD004E0370 /* GSGistCommentViewController.swift in Sources */ = {isa = PBXBuildFile; fileRef = ADAB895E1EAA8CBD004E0370 /* GSGistCommentViewController.swift */; };
		ADAB89621EAA950A004E0370 /* GSPreviewView.swift in Sources */ = {isa = PBXBuildFile; fileRef = ADAB89611EAA950A004E0370 /* GSPreviewView.swift */; };
		ADBBC68D1EB153F400256469 /* StringExtensions.swift in Sources */ = {isa = PBXBuildFile; fileRef = ADBBC68C1EB153F400256469 /* StringExtensions.swift */; };
		ADBBC6901EB1593A00256469 /* GistSearcherConfig.swift in Sources */ = {isa = PBXBuildFile; fileRef = ADBBC68F1EB1593A00256469 /* GistSearcherConfig.swift */; };
		ADBBC6951EB16B2C00256469 /* GSAPIProvider.swift in Sources */ = {isa = PBXBuildFile; fileRef = ADBBC6941EB16B2C00256469 /* GSAPIProvider.swift */; };
		ADBBC6971EB16C2000256469 /* GSAPIEndpoints.swift in Sources */ = {isa = PBXBuildFile; fileRef = ADBBC6961EB16C2000256469 /* GSAPIEndpoints.swift */; };
		ADBBC69A1EB16D3E00256469 /* GSGist.swift in Sources */ = {isa = PBXBuildFile; fileRef = ADBBC6991EB16D3E00256469 /* GSGist.swift */; };
		ADBBC69E1EB1704500256469 /* GSFile.swift in Sources */ = {isa = PBXBuildFile; fileRef = ADBBC69D1EB1704500256469 /* GSFile.swift */; };
		ADBBC6A01EB1770900256469 /* GSComment.swift in Sources */ = {isa = PBXBuildFile; fileRef = ADBBC69F1EB1770900256469 /* GSComment.swift */; };
		ADBBC6A21EB1778500256469 /* Transforms.swift in Sources */ = {isa = PBXBuildFile; fileRef = ADBBC6A11EB1778500256469 /* Transforms.swift */; };
		ADBBC6A51EB177F800256469 /* DateHelper.swift in Sources */ = {isa = PBXBuildFile; fileRef = ADBBC6A41EB177F800256469 /* DateHelper.swift */; };
		ADBBC6A71EB1782B00256469 /* DateExtensions.swift in Sources */ = {isa = PBXBuildFile; fileRef = ADBBC6A61EB1782B00256469 /* DateExtensions.swift */; };
		ADBBC6AB1EB17E7000256469 /* GSAPIRequests.swift in Sources */ = {isa = PBXBuildFile; fileRef = ADBBC6AA1EB17E7000256469 /* GSAPIRequests.swift */; };
		ADBBC6AD1EB188C000256469 /* GSGistProcessing.swift in Sources */ = {isa = PBXBuildFile; fileRef = ADBBC6AC1EB188C000256469 /* GSGistProcessing.swift */; };
		ADBBC6AF1EB18A5700256469 /* GSGistDetailViewModel.swift in Sources */ = {isa = PBXBuildFile; fileRef = ADBBC6AE1EB18A5700256469 /* GSGistDetailViewModel.swift */; };
		ADBBC6FE1EB190C700256469 /* CodeViewDelegate.swift in Sources */ = {isa = PBXBuildFile; fileRef = ADBBC6F91EB190C700256469 /* CodeViewDelegate.swift */; };
		ADBBC7001EB190C700256469 /* OKSGutteredCodeView.swift in Sources */ = {isa = PBXBuildFile; fileRef = ADBBC6FC1EB190C700256469 /* OKSGutteredCodeView.swift */; };
		ADBBC7011EB190C700256469 /* OKSGutteredCodeView.xib in Resources */ = {isa = PBXBuildFile; fileRef = ADBBC6FD1EB190C700256469 /* OKSGutteredCodeView.xib */; };
		ADBBC7031EB19D6000256469 /* UIViewExtensions.swift in Sources */ = {isa = PBXBuildFile; fileRef = ADBBC7021EB19D6000256469 /* UIViewExtensions.swift */; };
		ADBBC7061EB19E4500256469 /* GSGistFileTableViewCell.swift in Sources */ = {isa = PBXBuildFile; fileRef = ADBBC7051EB19E4500256469 /* GSGistFileTableViewCell.swift */; };
		ADBBC7901EB1AD4F00256469 /* MXKeyboardToolbar.m in Sources */ = {isa = PBXBuildFile; fileRef = ADBBC7801EB1AD4F00256469 /* MXKeyboardToolbar.m */; };
		ADBBC7911EB1AD4F00256469 /* MXToolbarButton.m in Sources */ = {isa = PBXBuildFile; fileRef = ADBBC7821EB1AD4F00256469 /* MXToolbarButton.m */; };
		ADBBC7921EB1AD4F00256469 /* bold.png in Resources */ = {isa = PBXBuildFile; fileRef = ADBBC7841EB1AD4F00256469 /* bold.png */; };
		ADBBC7931EB1AD4F00256469 /* code.png in Resources */ = {isa = PBXBuildFile; fileRef = ADBBC7851EB1AD4F00256469 /* code.png */; };
		ADBBC7941EB1AD4F00256469 /* help.png in Resources */ = {isa = PBXBuildFile; fileRef = ADBBC7861EB1AD4F00256469 /* help.png */; };
		ADBBC7951EB1AD4F00256469 /* hr.png in Resources */ = {isa = PBXBuildFile; fileRef = ADBBC7871EB1AD4F00256469 /* hr.png */; };
		ADBBC7961EB1AD4F00256469 /* img.png in Resources */ = {isa = PBXBuildFile; fileRef = ADBBC7881EB1AD4F00256469 /* img.png */; };
		ADBBC7971EB1AD4F00256469 /* italic.png in Resources */ = {isa = PBXBuildFile; fileRef = ADBBC7891EB1AD4F00256469 /* italic.png */; };
		ADBBC7981EB1AD4F00256469 /* link.png in Resources */ = {isa = PBXBuildFile; fileRef = ADBBC78A1EB1AD4F00256469 /* link.png */; };
		ADBBC7991EB1AD4F00256469 /* more.png in Resources */ = {isa = PBXBuildFile; fileRef = ADBBC78B1EB1AD4F00256469 /* more.png */; };
		ADBBC79A1EB1AD4F00256469 /* ol.png in Resources */ = {isa = PBXBuildFile; fileRef = ADBBC78C1EB1AD4F00256469 /* ol.png */; };
		ADBBC79B1EB1AD4F00256469 /* quote.png in Resources */ = {isa = PBXBuildFile; fileRef = ADBBC78D1EB1AD4F00256469 /* quote.png */; };
		ADBBC79C1EB1AD4F00256469 /* title.png in Resources */ = {isa = PBXBuildFile; fileRef = ADBBC78E1EB1AD4F00256469 /* title.png */; };
		ADBBC79D1EB1AD4F00256469 /* ul.png in Resources */ = {isa = PBXBuildFile; fileRef = ADBBC78F1EB1AD4F00256469 /* ul.png */; };
		ADBBC79F1EB1B32500256469 /* GSGistCommentViewModel.swift in Sources */ = {isa = PBXBuildFile; fileRef = ADBBC79E1EB1B32500256469 /* GSGistCommentViewModel.swift */; };
/* End PBXBuildFile section */

/* Begin PBXContainerItemProxy section */
		ADAB89461EA5990A004E0370 /* PBXContainerItemProxy */ = {
			isa = PBXContainerItemProxy;
			containerPortal = ADAB89291EA5990A004E0370 /* Project object */;
			proxyType = 1;
			remoteGlobalIDString = ADAB89301EA5990A004E0370;
			remoteInfo = GistSearcher;
		};
/* End PBXContainerItemProxy section */

/* Begin PBXFileReference section */
		1D37CB19577852B8A5EDFDAA /* Pods-GistSearcherTests.release.xcconfig */ = {isa = PBXFileReference; includeInIndex = 1; lastKnownFileType = text.xcconfig; name = "Pods-GistSearcherTests.release.xcconfig"; path = "Pods/Target Support Files/Pods-GistSearcherTests/Pods-GistSearcherTests.release.xcconfig"; sourceTree = "<group>"; };
		7DC5D795CFAE84C2FBFBB252 /* Pods-GistSearcher.release.xcconfig */ = {isa = PBXFileReference; includeInIndex = 1; lastKnownFileType = text.xcconfig; name = "Pods-GistSearcher.release.xcconfig"; path = "Pods/Target Support Files/Pods-GistSearcher/Pods-GistSearcher.release.xcconfig"; sourceTree = "<group>"; };
		7E8A6113D551B53A4E674DAC /* Pods-GistSearcher.debug.xcconfig */ = {isa = PBXFileReference; includeInIndex = 1; lastKnownFileType = text.xcconfig; name = "Pods-GistSearcher.debug.xcconfig"; path = "Pods/Target Support Files/Pods-GistSearcher/Pods-GistSearcher.debug.xcconfig"; sourceTree = "<group>"; };
		ADAB89311EA5990A004E0370 /* GistSearcher.app */ = {isa = PBXFileReference; explicitFileType = wrapper.application; includeInIndex = 0; path = GistSearcher.app; sourceTree = BUILT_PRODUCTS_DIR; };
		ADAB89341EA5990A004E0370 /* AppDelegate.swift */ = {isa = PBXFileReference; lastKnownFileType = sourcecode.swift; path = AppDelegate.swift; sourceTree = "<group>"; };
		ADAB89361EA5990A004E0370 /* GSMainViewController.swift */ = {isa = PBXFileReference; lastKnownFileType = sourcecode.swift; path = GSMainViewController.swift; sourceTree = "<group>"; };
		ADAB89391EA5990A004E0370 /* Base */ = {isa = PBXFileReference; lastKnownFileType = file.storyboard; name = Base; path = Base.lproj/Main.storyboard; sourceTree = "<group>"; };
		ADAB893B1EA5990A004E0370 /* Assets.xcassets */ = {isa = PBXFileReference; lastKnownFileType = folder.assetcatalog; path = Assets.xcassets; sourceTree = "<group>"; };
		ADAB893E1EA5990A004E0370 /* Base */ = {isa = PBXFileReference; lastKnownFileType = file.storyboard; name = Base; path = Base.lproj/LaunchScreen.storyboard; sourceTree = "<group>"; };
		ADAB89401EA5990A004E0370 /* Info.plist */ = {isa = PBXFileReference; lastKnownFileType = text.plist.xml; path = Info.plist; sourceTree = "<group>"; };
		ADAB89451EA5990A004E0370 /* GistSearcherTests.xctest */ = {isa = PBXFileReference; explicitFileType = wrapper.cfbundle; includeInIndex = 0; path = GistSearcherTests.xctest; sourceTree = BUILT_PRODUCTS_DIR; };
		ADAB89491EA5990A004E0370 /* GistSearcherTests.swift */ = {isa = PBXFileReference; lastKnownFileType = sourcecode.swift; path = GistSearcherTests.swift; sourceTree = "<group>"; };
		ADAB894B1EA5990A004E0370 /* Info.plist */ = {isa = PBXFileReference; lastKnownFileType = text.plist.xml; path = Info.plist; sourceTree = "<group>"; };
		ADAB89581EAA8C21004E0370 /* GSQRCodeReaderViewController.swift */ = {isa = PBXFileReference; fileEncoding = 4; lastKnownFileType = sourcecode.swift; path = GSQRCodeReaderViewController.swift; sourceTree = "<group>"; };
		ADAB895A1EAA8C2E004E0370 /* GSGistListViewController.swift */ = {isa = PBXFileReference; fileEncoding = 4; lastKnownFileType = sourcecode.swift; path = GSGistListViewController.swift; sourceTree = "<group>"; };
		ADAB895C1EAA8CA9004E0370 /* GSGistDetailViewController.swift */ = {isa = PBXFileReference; fileEncoding = 4; lastKnownFileType = sourcecode.swift; path = GSGistDetailViewController.swift; sourceTree = "<group>"; };
		ADAB895E1EAA8CBD004E0370 /* GSGistCommentViewController.swift */ = {isa = PBXFileReference; fileEncoding = 4; lastKnownFileType = sourcecode.swift; path = GSGistCommentViewController.swift; sourceTree = "<group>"; };
		ADAB89611EAA950A004E0370 /* GSPreviewView.swift */ = {isa = PBXFileReference; fileEncoding = 4; lastKnownFileType = sourcecode.swift; path = GSPreviewView.swift; sourceTree = "<group>"; };
		ADBBC68C1EB153F400256469 /* StringExtensions.swift */ = {isa = PBXFileReference; fileEncoding = 4; lastKnownFileType = sourcecode.swift; path = StringExtensions.swift; sourceTree = "<group>"; };
		ADBBC68F1EB1593A00256469 /* GistSearcherConfig.swift */ = {isa = PBXFileReference; fileEncoding = 4; lastKnownFileType = sourcecode.swift; path = GistSearcherConfig.swift; sourceTree = "<group>"; };
		ADBBC6941EB16B2C00256469 /* GSAPIProvider.swift */ = {isa = PBXFileReference; fileEncoding = 4; lastKnownFileType = sourcecode.swift; path = GSAPIProvider.swift; sourceTree = "<group>"; };
		ADBBC6961EB16C2000256469 /* GSAPIEndpoints.swift */ = {isa = PBXFileReference; fileEncoding = 4; lastKnownFileType = sourcecode.swift; path = GSAPIEndpoints.swift; sourceTree = "<group>"; };
		ADBBC6991EB16D3E00256469 /* GSGist.swift */ = {isa = PBXFileReference; fileEncoding = 4; lastKnownFileType = sourcecode.swift; path = GSGist.swift; sourceTree = "<group>"; };
		ADBBC69D1EB1704500256469 /* GSFile.swift */ = {isa = PBXFileReference; fileEncoding = 4; lastKnownFileType = sourcecode.swift; path = GSFile.swift; sourceTree = "<group>"; };
		ADBBC69F1EB1770900256469 /* GSComment.swift */ = {isa = PBXFileReference; fileEncoding = 4; lastKnownFileType = sourcecode.swift; path = GSComment.swift; sourceTree = "<group>"; };
		ADBBC6A11EB1778500256469 /* Transforms.swift */ = {isa = PBXFileReference; fileEncoding = 4; lastKnownFileType = sourcecode.swift; path = Transforms.swift; sourceTree = "<group>"; };
		ADBBC6A41EB177F800256469 /* DateHelper.swift */ = {isa = PBXFileReference; fileEncoding = 4; lastKnownFileType = sourcecode.swift; path = DateHelper.swift; sourceTree = "<group>"; };
		ADBBC6A61EB1782B00256469 /* DateExtensions.swift */ = {isa = PBXFileReference; fileEncoding = 4; lastKnownFileType = sourcecode.swift; path = DateExtensions.swift; sourceTree = "<group>"; };
		ADBBC6AA1EB17E7000256469 /* GSAPIRequests.swift */ = {isa = PBXFileReference; fileEncoding = 4; lastKnownFileType = sourcecode.swift; path = GSAPIRequests.swift; sourceTree = "<group>"; };
		ADBBC6AC1EB188C000256469 /* GSGistProcessing.swift */ = {isa = PBXFileReference; fileEncoding = 4; lastKnownFileType = sourcecode.swift; path = GSGistProcessing.swift; sourceTree = "<group>"; };
		ADBBC6AE1EB18A5700256469 /* GSGistDetailViewModel.swift */ = {isa = PBXFileReference; fileEncoding = 4; lastKnownFileType = sourcecode.swift; path = GSGistDetailViewModel.swift; sourceTree = "<group>"; };
		ADBBC6F91EB190C700256469 /* CodeViewDelegate.swift */ = {isa = PBXFileReference; fileEncoding = 4; lastKnownFileType = sourcecode.swift; path = CodeViewDelegate.swift; sourceTree = "<group>"; };
		ADBBC6FC1EB190C700256469 /* OKSGutteredCodeView.swift */ = {isa = PBXFileReference; fileEncoding = 4; lastKnownFileType = sourcecode.swift; path = OKSGutteredCodeView.swift; sourceTree = "<group>"; };
		ADBBC6FD1EB190C700256469 /* OKSGutteredCodeView.xib */ = {isa = PBXFileReference; fileEncoding = 4; lastKnownFileType = file.xib; path = OKSGutteredCodeView.xib; sourceTree = "<group>"; };
		ADBBC7021EB19D6000256469 /* UIViewExtensions.swift */ = {isa = PBXFileReference; fileEncoding = 4; lastKnownFileType = sourcecode.swift; path = UIViewExtensions.swift; sourceTree = "<group>"; };
		ADBBC7051EB19E4500256469 /* GSGistFileTableViewCell.swift */ = {isa = PBXFileReference; fileEncoding = 4; lastKnownFileType = sourcecode.swift; path = GSGistFileTableViewCell.swift; sourceTree = "<group>"; };
		ADBBC77A1EB1AD1D00256469 /* GistSearcher-Bridging-Header.h */ = {isa = PBXFileReference; lastKnownFileType = sourcecode.c.h; path = "GistSearcher-Bridging-Header.h"; sourceTree = "<group>"; };
		ADBBC77F1EB1AD4F00256469 /* MXKeyboardToolbar.h */ = {isa = PBXFileReference; fileEncoding = 4; lastKnownFileType = sourcecode.c.h; path = MXKeyboardToolbar.h; sourceTree = "<group>"; };
		ADBBC7801EB1AD4F00256469 /* MXKeyboardToolbar.m */ = {isa = PBXFileReference; fileEncoding = 4; lastKnownFileType = sourcecode.c.objc; path = MXKeyboardToolbar.m; sourceTree = "<group>"; };
		ADBBC7811EB1AD4F00256469 /* MXToolbarButton.h */ = {isa = PBXFileReference; fileEncoding = 4; lastKnownFileType = sourcecode.c.h; path = MXToolbarButton.h; sourceTree = "<group>"; };
		ADBBC7821EB1AD4F00256469 /* MXToolbarButton.m */ = {isa = PBXFileReference; fileEncoding = 4; lastKnownFileType = sourcecode.c.objc; path = MXToolbarButton.m; sourceTree = "<group>"; };
		ADBBC7841EB1AD4F00256469 /* bold.png */ = {isa = PBXFileReference; lastKnownFileType = image.png; path = bold.png; sourceTree = "<group>"; };
		ADBBC7851EB1AD4F00256469 /* code.png */ = {isa = PBXFileReference; lastKnownFileType = image.png; path = code.png; sourceTree = "<group>"; };
		ADBBC7861EB1AD4F00256469 /* help.png */ = {isa = PBXFileReference; lastKnownFileType = image.png; path = help.png; sourceTree = "<group>"; };
		ADBBC7871EB1AD4F00256469 /* hr.png */ = {isa = PBXFileReference; lastKnownFileType = image.png; path = hr.png; sourceTree = "<group>"; };
		ADBBC7881EB1AD4F00256469 /* img.png */ = {isa = PBXFileReference; lastKnownFileType = image.png; path = img.png; sourceTree = "<group>"; };
		ADBBC7891EB1AD4F00256469 /* italic.png */ = {isa = PBXFileReference; lastKnownFileType = image.png; path = italic.png; sourceTree = "<group>"; };
		ADBBC78A1EB1AD4F00256469 /* link.png */ = {isa = PBXFileReference; lastKnownFileType = image.png; path = link.png; sourceTree = "<group>"; };
		ADBBC78B1EB1AD4F00256469 /* more.png */ = {isa = PBXFileReference; lastKnownFileType = image.png; path = more.png; sourceTree = "<group>"; };
		ADBBC78C1EB1AD4F00256469 /* ol.png */ = {isa = PBXFileReference; lastKnownFileType = image.png; path = ol.png; sourceTree = "<group>"; };
		ADBBC78D1EB1AD4F00256469 /* quote.png */ = {isa = PBXFileReference; lastKnownFileType = image.png; path = quote.png; sourceTree = "<group>"; };
		ADBBC78E1EB1AD4F00256469 /* title.png */ = {isa = PBXFileReference; lastKnownFileType = image.png; path = title.png; sourceTree = "<group>"; };
		ADBBC78F1EB1AD4F00256469 /* ul.png */ = {isa = PBXFileReference; lastKnownFileType = image.png; path = ul.png; sourceTree = "<group>"; };
		ADBBC79E1EB1B32500256469 /* GSGistCommentViewModel.swift */ = {isa = PBXFileReference; fileEncoding = 4; lastKnownFileType = sourcecode.swift; path = GSGistCommentViewModel.swift; sourceTree = "<group>"; };
		B7F3C42D33B94AD9EA91303D /* Pods_GistSearcher.framework */ = {isa = PBXFileReference; explicitFileType = wrapper.framework; includeInIndex = 0; path = Pods_GistSearcher.framework; sourceTree = BUILT_PRODUCTS_DIR; };
		BB4D296474DF54C87B982DFD /* Pods-GistSearcherTests.debug.xcconfig */ = {isa = PBXFileReference; includeInIndex = 1; lastKnownFileType = text.xcconfig; name = "Pods-GistSearcherTests.debug.xcconfig"; path = "Pods/Target Support Files/Pods-GistSearcherTests/Pods-GistSearcherTests.debug.xcconfig"; sourceTree = "<group>"; };
		E9A1331644256815745B3885 /* Pods_GistSearcherTests.framework */ = {isa = PBXFileReference; explicitFileType = wrapper.framework; includeInIndex = 0; path = Pods_GistSearcherTests.framework; sourceTree = BUILT_PRODUCTS_DIR; };
/* End PBXFileReference section */

/* Begin PBXFrameworksBuildPhase section */
		ADAB892E1EA5990A004E0370 /* Frameworks */ = {
			isa = PBXFrameworksBuildPhase;
			buildActionMask = 2147483647;
			files = (
				91BA65F3BBE8ADADE561A48A /* Pods_GistSearcher.framework in Frameworks */,
			);
			runOnlyForDeploymentPostprocessing = 0;
		};
		ADAB89421EA5990A004E0370 /* Frameworks */ = {
			isa = PBXFrameworksBuildPhase;
			buildActionMask = 2147483647;
			files = (
				17465E67273FB4BE3941A0E9 /* Pods_GistSearcherTests.framework in Frameworks */,
			);
			runOnlyForDeploymentPostprocessing = 0;
		};
/* End PBXFrameworksBuildPhase section */

/* Begin PBXGroup section */
		7436C667326DA4E981E85678 /* Pods */ = {
			isa = PBXGroup;
			children = (
				7E8A6113D551B53A4E674DAC /* Pods-GistSearcher.debug.xcconfig */,
				7DC5D795CFAE84C2FBFBB252 /* Pods-GistSearcher.release.xcconfig */,
				BB4D296474DF54C87B982DFD /* Pods-GistSearcherTests.debug.xcconfig */,
				1D37CB19577852B8A5EDFDAA /* Pods-GistSearcherTests.release.xcconfig */,
			);
			name = Pods;
			sourceTree = "<group>";
		};
		ADAB89281EA5990A004E0370 = {
			isa = PBXGroup;
			children = (
				ADAB89331EA5990A004E0370 /* GistSearcher */,
				ADAB89481EA5990A004E0370 /* GistSearcherTests */,
				ADAB89321EA5990A004E0370 /* Products */,
				7436C667326DA4E981E85678 /* Pods */,
				FDF77A1B638D11C53D6295AF /* Frameworks */,
			);
			sourceTree = "<group>";
		};
		ADAB89321EA5990A004E0370 /* Products */ = {
			isa = PBXGroup;
			children = (
				ADAB89311EA5990A004E0370 /* GistSearcher.app */,
				ADAB89451EA5990A004E0370 /* GistSearcherTests.xctest */,
			);
			name = Products;
			sourceTree = "<group>";
		};
		ADAB89331EA5990A004E0370 /* GistSearcher */ = {
			isa = PBXGroup;
			children = (
				ADBBC6981EB16CDA00256469 /* Data Layer */,
				ADBBC6911EB168E500256469 /* Network */,
				ADBBC68E1EB1590E00256469 /* Utils */,
				ADAB89541EAA8AAB004E0370 /* Application */,
				ADAB89601EAA94FA004E0370 /* View */,
				ADBBC68B1EB153E700256469 /* Extensions */,
				ADBBC6F61EB190B000256469 /* Resources */,
				ADAB89341EA5990A004E0370 /* AppDelegate.swift */,
				ADAB89381EA5990A004E0370 /* Main.storyboard */,
				ADAB893B1EA5990A004E0370 /* Assets.xcassets */,
				ADAB893D1EA5990A004E0370 /* LaunchScreen.storyboard */,
				ADAB89401EA5990A004E0370 /* Info.plist */,
				ADBBC77A1EB1AD1D00256469 /* GistSearcher-Bridging-Header.h */,
			);
			path = GistSearcher;
			sourceTree = "<group>";
		};
		ADAB89481EA5990A004E0370 /* GistSearcherTests */ = {
			isa = PBXGroup;
			children = (
				ADAB89491EA5990A004E0370 /* GistSearcherTests.swift */,
				ADAB894B1EA5990A004E0370 /* Info.plist */,
			);
			path = GistSearcherTests;
			sourceTree = "<group>";
		};
		ADAB89541EAA8AAB004E0370 /* Application */ = {
			isa = PBXGroup;
			children = (
				ADAB89561EAA8B5E004E0370 /* Main */,
				ADAB89551EAA8AB7004E0370 /* QRCodeReader */,
				ADAB89571EAA8B64004E0370 /* Gist */,
			);
			name = Application;
			sourceTree = "<group>";
		};
		ADAB89551EAA8AB7004E0370 /* QRCodeReader */ = {
			isa = PBXGroup;
			children = (
				ADAB89581EAA8C21004E0370 /* GSQRCodeReaderViewController.swift */,
			);
			name = QRCodeReader;
			sourceTree = "<group>";
		};
		ADAB89561EAA8B5E004E0370 /* Main */ = {
			isa = PBXGroup;
			children = (
				ADAB89361EA5990A004E0370 /* GSMainViewController.swift */,
			);
			name = Main;
			sourceTree = "<group>";
		};
		ADAB89571EAA8B64004E0370 /* Gist */ = {
			isa = PBXGroup;
			children = (
				ADBBC6AE1EB18A5700256469 /* GSGistDetailViewModel.swift */,
				ADAB895C1EAA8CA9004E0370 /* GSGistDetailViewController.swift */,
				ADBBC79E1EB1B32500256469 /* GSGistCommentViewModel.swift */,
				ADAB895E1EAA8CBD004E0370 /* GSGistCommentViewController.swift */,
				ADAB895A1EAA8C2E004E0370 /* GSGistListViewController.swift */,
			);
			name = Gist;
			sourceTree = "<group>";
		};
		ADAB89601EAA94FA004E0370 /* View */ = {
			isa = PBXGroup;
			children = (
				ADBBC7041EB19E2D00256469 /* Cells */,
				ADAB89631EAA950D004E0370 /* Custom */,
			);
			name = View;
			sourceTree = "<group>";
		};
		ADAB89631EAA950D004E0370 /* Custom */ = {
			isa = PBXGroup;
			children = (
				ADAB89611EAA950A004E0370 /* GSPreviewView.swift */,
			);
			name = Custom;
			sourceTree = "<group>";
		};
		ADBBC68B1EB153E700256469 /* Extensions */ = {
			isa = PBXGroup;
			children = (
				ADBBC6A31EB177EF00256469 /* Date */,
				ADBBC68C1EB153F400256469 /* StringExtensions.swift */,
				ADBBC7021EB19D6000256469 /* UIViewExtensions.swift */,
			);
			name = Extensions;
			sourceTree = "<group>";
		};
		ADBBC68E1EB1590E00256469 /* Utils */ = {
			isa = PBXGroup;
			children = (
				ADBBC68F1EB1593A00256469 /* GistSearcherConfig.swift */,
				ADBBC6AC1EB188C000256469 /* GSGistProcessing.swift */,
			);
			name = Utils;
			sourceTree = "<group>";
		};
		ADBBC6911EB168E500256469 /* Network */ = {
			isa = PBXGroup;
			children = (
				ADBBC6941EB16B2C00256469 /* GSAPIProvider.swift */,
				ADBBC6AA1EB17E7000256469 /* GSAPIRequests.swift */,
				ADBBC6961EB16C2000256469 /* GSAPIEndpoints.swift */,
			);
			name = Network;
			sourceTree = "<group>";
		};
		ADBBC6981EB16CDA00256469 /* Data Layer */ = {
			isa = PBXGroup;
			children = (
				ADBBC6A91EB178FE00256469 /* Models */,
				ADBBC6A81EB178F600256469 /* Transforms */,
			);
			name = "Data Layer";
			sourceTree = "<group>";
		};
		ADBBC6A31EB177EF00256469 /* Date */ = {
			isa = PBXGroup;
			children = (
				ADBBC6A41EB177F800256469 /* DateHelper.swift */,
				ADBBC6A61EB1782B00256469 /* DateExtensions.swift */,
			);
			name = Date;
			sourceTree = "<group>";
		};
		ADBBC6A81EB178F600256469 /* Transforms */ = {
			isa = PBXGroup;
			children = (
				ADBBC6A11EB1778500256469 /* Transforms.swift */,
			);
			name = Transforms;
			sourceTree = "<group>";
		};
		ADBBC6A91EB178FE00256469 /* Models */ = {
			isa = PBXGroup;
			children = (
				ADBBC6991EB16D3E00256469 /* GSGist.swift */,
				ADBBC69D1EB1704500256469 /* GSFile.swift */,
				ADBBC69F1EB1770900256469 /* GSComment.swift */,
			);
			name = Models;
			sourceTree = "<group>";
		};
		ADBBC6F61EB190B000256469 /* Resources */ = {
			isa = PBXGroup;
			children = (
				ADBBC77E1EB1AD4F00256469 /* MXMarkdownKeyboard */,
				ADBBC6F81EB190C700256469 /* OKSGutteredCodeView */,
			);
			name = Resources;
			sourceTree = "<group>";
		};
		ADBBC6F81EB190C700256469 /* OKSGutteredCodeView */ = {
			isa = PBXGroup;
			children = (
				ADBBC6F91EB190C700256469 /* CodeViewDelegate.swift */,
				ADBBC6FC1EB190C700256469 /* OKSGutteredCodeView.swift */,
				ADBBC6FD1EB190C700256469 /* OKSGutteredCodeView.xib */,
			);
			path = OKSGutteredCodeView;
			sourceTree = "<group>";
		};
		ADBBC7041EB19E2D00256469 /* Cells */ = {
			isa = PBXGroup;
			children = (
				ADBBC7051EB19E4500256469 /* GSGistFileTableViewCell.swift */,
			);
			name = Cells;
			sourceTree = "<group>";
		};
		ADBBC77E1EB1AD4F00256469 /* MXMarkdownKeyboard */ = {
			isa = PBXGroup;
			children = (
				ADBBC77F1EB1AD4F00256469 /* MXKeyboardToolbar.h */,
				ADBBC7801EB1AD4F00256469 /* MXKeyboardToolbar.m */,
				ADBBC7811EB1AD4F00256469 /* MXToolbarButton.h */,
				ADBBC7821EB1AD4F00256469 /* MXToolbarButton.m */,
				ADBBC7831EB1AD4F00256469 /* Resources */,
			);
			path = MXMarkdownKeyboard;
			sourceTree = "<group>";
		};
		ADBBC7831EB1AD4F00256469 /* Resources */ = {
			isa = PBXGroup;
			children = (
				ADBBC7841EB1AD4F00256469 /* bold.png */,
				ADBBC7851EB1AD4F00256469 /* code.png */,
				ADBBC7861EB1AD4F00256469 /* help.png */,
				ADBBC7871EB1AD4F00256469 /* hr.png */,
				ADBBC7881EB1AD4F00256469 /* img.png */,
				ADBBC7891EB1AD4F00256469 /* italic.png */,
				ADBBC78A1EB1AD4F00256469 /* link.png */,
				ADBBC78B1EB1AD4F00256469 /* more.png */,
				ADBBC78C1EB1AD4F00256469 /* ol.png */,
				ADBBC78D1EB1AD4F00256469 /* quote.png */,
				ADBBC78E1EB1AD4F00256469 /* title.png */,
				ADBBC78F1EB1AD4F00256469 /* ul.png */,
			);
			path = Resources;
			sourceTree = "<group>";
		};
		FDF77A1B638D11C53D6295AF /* Frameworks */ = {
			isa = PBXGroup;
			children = (
				B7F3C42D33B94AD9EA91303D /* Pods_GistSearcher.framework */,
				E9A1331644256815745B3885 /* Pods_GistSearcherTests.framework */,
			);
			name = Frameworks;
			sourceTree = "<group>";
		};
/* End PBXGroup section */

/* Begin PBXNativeTarget section */
		ADAB89301EA5990A004E0370 /* GistSearcher */ = {
			isa = PBXNativeTarget;
			buildConfigurationList = ADAB894E1EA5990A004E0370 /* Build configuration list for PBXNativeTarget "GistSearcher" */;
			buildPhases = (
				3E2927BF16C860A1770FD878 /* [CP] Check Pods Manifest.lock */,
				ADAB892D1EA5990A004E0370 /* Sources */,
				ADAB892E1EA5990A004E0370 /* Frameworks */,
				ADAB892F1EA5990A004E0370 /* Resources */,
				25B55DEED97B1E6A478C0681 /* [CP] Embed Pods Frameworks */,
				F01AC3AC55E4259A5264B834 /* [CP] Copy Pods Resources */,
			);
			buildRules = (
			);
			dependencies = (
			);
			name = GistSearcher;
			productName = GistSearcher;
			productReference = ADAB89311EA5990A004E0370 /* GistSearcher.app */;
			productType = "com.apple.product-type.application";
		};
		ADAB89441EA5990A004E0370 /* GistSearcherTests */ = {
			isa = PBXNativeTarget;
			buildConfigurationList = ADAB89511EA5990A004E0370 /* Build configuration list for PBXNativeTarget "GistSearcherTests" */;
			buildPhases = (
				CAFCB4609060C44A81D5E5AB /* [CP] Check Pods Manifest.lock */,
				ADAB89411EA5990A004E0370 /* Sources */,
				ADAB89421EA5990A004E0370 /* Frameworks */,
				ADAB89431EA5990A004E0370 /* Resources */,
				63A610903699532296ACDAB7 /* [CP] Embed Pods Frameworks */,
				FCD484321CA4357AC95805FE /* [CP] Copy Pods Resources */,
			);
			buildRules = (
			);
			dependencies = (
				ADAB89471EA5990A004E0370 /* PBXTargetDependency */,
			);
			name = GistSearcherTests;
			productName = GistSearcherTests;
			productReference = ADAB89451EA5990A004E0370 /* GistSearcherTests.xctest */;
			productType = "com.apple.product-type.bundle.unit-test";
		};
/* End PBXNativeTarget section */

/* Begin PBXProject section */
		ADAB89291EA5990A004E0370 /* Project object */ = {
			isa = PBXProject;
			attributes = {
				CLASSPREFIX = GS;
				LastSwiftUpdateCheck = 0830;
				LastUpgradeCheck = 0830;
				ORGANIZATIONNAME = Choynowski;
				TargetAttributes = {
					ADAB89301EA5990A004E0370 = {
						CreatedOnToolsVersion = 8.3.1;
						DevelopmentTeam = 38HUSCHT3G;
						LastSwiftMigration = 0830;
						ProvisioningStyle = Automatic;
					};
					ADAB89441EA5990A004E0370 = {
						CreatedOnToolsVersion = 8.3.1;
						ProvisioningStyle = Automatic;
						TestTargetID = ADAB89301EA5990A004E0370;
					};
				};
			};
			buildConfigurationList = ADAB892C1EA5990A004E0370 /* Build configuration list for PBXProject "GistSearcher" */;
			compatibilityVersion = "Xcode 3.2";
			developmentRegion = English;
			hasScannedForEncodings = 0;
			knownRegions = (
				en,
				Base,
			);
			mainGroup = ADAB89281EA5990A004E0370;
			productRefGroup = ADAB89321EA5990A004E0370 /* Products */;
			projectDirPath = "";
			projectRoot = "";
			targets = (
				ADAB89301EA5990A004E0370 /* GistSearcher */,
				ADAB89441EA5990A004E0370 /* GistSearcherTests */,
			);
		};
/* End PBXProject section */

/* Begin PBXResourcesBuildPhase section */
		ADAB892F1EA5990A004E0370 /* Resources */ = {
			isa = PBXResourcesBuildPhase;
			buildActionMask = 2147483647;
			files = (
				ADBBC79B1EB1AD4F00256469 /* quote.png in Resources */,
				ADBBC79A1EB1AD4F00256469 /* ol.png in Resources */,
				ADAB893F1EA5990A004E0370 /* LaunchScreen.storyboard in Resources */,
				ADBBC7921EB1AD4F00256469 /* bold.png in Resources */,
				ADBBC7991EB1AD4F00256469 /* more.png in Resources */,
				ADBBC7931EB1AD4F00256469 /* code.png in Resources */,
				ADBBC7951EB1AD4F00256469 /* hr.png in Resources */,
				ADBBC7981EB1AD4F00256469 /* link.png in Resources */,
				ADAB893C1EA5990A004E0370 /* Assets.xcassets in Resources */,
				ADBBC7011EB190C700256469 /* OKSGutteredCodeView.xib in Resources */,
				ADBBC79D1EB1AD4F00256469 /* ul.png in Resources */,
				ADBBC7961EB1AD4F00256469 /* img.png in Resources */,
				ADBBC7971EB1AD4F00256469 /* italic.png in Resources */,
				ADAB893A1EA5990A004E0370 /* Main.storyboard in Resources */,
				ADBBC7941EB1AD4F00256469 /* help.png in Resources */,
				ADBBC79C1EB1AD4F00256469 /* title.png in Resources */,
			);
			runOnlyForDeploymentPostprocessing = 0;
		};
		ADAB89431EA5990A004E0370 /* Resources */ = {
			isa = PBXResourcesBuildPhase;
			buildActionMask = 2147483647;
			files = (
			);
			runOnlyForDeploymentPostprocessing = 0;
		};
/* End PBXResourcesBuildPhase section */

/* Begin PBXShellScriptBuildPhase section */
		25B55DEED97B1E6A478C0681 /* [CP] Embed Pods Frameworks */ = {
			isa = PBXShellScriptBuildPhase;
			buildActionMask = 2147483647;
			files = (
			);
			inputPaths = (
			);
			name = "[CP] Embed Pods Frameworks";
			outputPaths = (
			);
			runOnlyForDeploymentPostprocessing = 0;
			shellPath = /bin/sh;
			shellScript = "\"${SRCROOT}/Pods/Target Support Files/Pods-GistSearcher/Pods-GistSearcher-frameworks.sh\"\n";
			showEnvVarsInLog = 0;
		};
		3E2927BF16C860A1770FD878 /* [CP] Check Pods Manifest.lock */ = {
			isa = PBXShellScriptBuildPhase;
			buildActionMask = 2147483647;
			files = (
			);
			inputPaths = (
			);
			name = "[CP] Check Pods Manifest.lock";
			outputPaths = (
			);
			runOnlyForDeploymentPostprocessing = 0;
			shellPath = /bin/sh;
			shellScript = "diff \"${PODS_ROOT}/../Podfile.lock\" \"${PODS_ROOT}/Manifest.lock\" > /dev/null\nif [ $? != 0 ] ; then\n    # print error to STDERR\n    echo \"error: The sandbox is not in sync with the Podfile.lock. Run 'pod install' or update your CocoaPods installation.\" >&2\n    exit 1\nfi\n";
			showEnvVarsInLog = 0;
		};
		63A610903699532296ACDAB7 /* [CP] Embed Pods Frameworks */ = {
			isa = PBXShellScriptBuildPhase;
			buildActionMask = 2147483647;
			files = (
			);
			inputPaths = (
			);
			name = "[CP] Embed Pods Frameworks";
			outputPaths = (
			);
			runOnlyForDeploymentPostprocessing = 0;
			shellPath = /bin/sh;
			shellScript = "\"${SRCROOT}/Pods/Target Support Files/Pods-GistSearcherTests/Pods-GistSearcherTests-frameworks.sh\"\n";
			showEnvVarsInLog = 0;
		};
		CAFCB4609060C44A81D5E5AB /* [CP] Check Pods Manifest.lock */ = {
			isa = PBXShellScriptBuildPhase;
			buildActionMask = 2147483647;
			files = (
			);
			inputPaths = (
			);
			name = "[CP] Check Pods Manifest.lock";
			outputPaths = (
			);
			runOnlyForDeploymentPostprocessing = 0;
			shellPath = /bin/sh;
			shellScript = "diff \"${PODS_ROOT}/../Podfile.lock\" \"${PODS_ROOT}/Manifest.lock\" > /dev/null\nif [ $? != 0 ] ; then\n    # print error to STDERR\n    echo \"error: The sandbox is not in sync with the Podfile.lock. Run 'pod install' or update your CocoaPods installation.\" >&2\n    exit 1\nfi\n";
			showEnvVarsInLog = 0;
		};
		F01AC3AC55E4259A5264B834 /* [CP] Copy Pods Resources */ = {
			isa = PBXShellScriptBuildPhase;
			buildActionMask = 2147483647;
			files = (
			);
			inputPaths = (
			);
			name = "[CP] Copy Pods Resources";
			outputPaths = (
			);
			runOnlyForDeploymentPostprocessing = 0;
			shellPath = /bin/sh;
			shellScript = "\"${SRCROOT}/Pods/Target Support Files/Pods-GistSearcher/Pods-GistSearcher-resources.sh\"\n";
			showEnvVarsInLog = 0;
		};
		FCD484321CA4357AC95805FE /* [CP] Copy Pods Resources */ = {
			isa = PBXShellScriptBuildPhase;
			buildActionMask = 2147483647;
			files = (
			);
			inputPaths = (
			);
			name = "[CP] Copy Pods Resources";
			outputPaths = (
			);
			runOnlyForDeploymentPostprocessing = 0;
			shellPath = /bin/sh;
			shellScript = "\"${SRCROOT}/Pods/Target Support Files/Pods-GistSearcherTests/Pods-GistSearcherTests-resources.sh\"\n";
			showEnvVarsInLog = 0;
		};
/* End PBXShellScriptBuildPhase section */

/* Begin PBXSourcesBuildPhase section */
		ADAB892D1EA5990A004E0370 /* Sources */ = {
			isa = PBXSourcesBuildPhase;
			buildActionMask = 2147483647;
			files = (
				ADBBC6951EB16B2C00256469 /* GSAPIProvider.swift in Sources */,
				ADBBC68D1EB153F400256469 /* StringExtensions.swift in Sources */,
				ADAB89371EA5990A004E0370 /* GSMainViewController.swift in Sources */,
				ADBBC69A1EB16D3E00256469 /* GSGist.swift in Sources */,
				ADBBC7911EB1AD4F00256469 /* MXToolbarButton.m in Sources */,
				ADBBC7061EB19E4500256469 /* GSGistFileTableViewCell.swift in Sources */,
				ADBBC7031EB19D6000256469 /* UIViewExtensions.swift in Sources */,
				ADAB895F1EAA8CBD004E0370 /* GSGistCommentViewController.swift in Sources */,
				ADBBC6A71EB1782B00256469 /* DateExtensions.swift in Sources */,
				ADBBC6AB1EB17E7000256469 /* GSAPIRequests.swift in Sources */,
				ADBBC6901EB1593A00256469 /* GistSearcherConfig.swift in Sources */,
				ADBBC6A01EB1770900256469 /* GSComment.swift in Sources */,
				ADAB895D1EAA8CA9004E0370 /* GSGistDetailViewController.swift in Sources */,
				ADBBC6A21EB1778500256469 /* Transforms.swift in Sources */,
				ADBBC6971EB16C2000256469 /* GSAPIEndpoints.swift in Sources */,
				ADAB895B1EAA8C2E004E0370 /* GSGistListViewController.swift in Sources */,
				ADBBC7901EB1AD4F00256469 /* MXKeyboardToolbar.m in Sources */,
				ADAB89621EAA950A004E0370 /* GSPreviewView.swift in Sources */,
				ADBBC6AF1EB18A5700256469 /* GSGistDetailViewModel.swift in Sources */,
				ADAB89351EA5990A004E0370 /* AppDelegate.swift in Sources */,
				ADBBC6AD1EB188C000256469 /* GSGistProcessing.swift in Sources */,
				ADBBC6FE1EB190C700256469 /* CodeViewDelegate.swift in Sources */,
				ADAB89591EAA8C21004E0370 /* GSQRCodeReaderViewController.swift in Sources */,
				ADBBC79F1EB1B32500256469 /* GSGistCommentViewModel.swift in Sources */,
				ADBBC7001EB190C700256469 /* OKSGutteredCodeView.swift in Sources */,
				ADBBC6A51EB177F800256469 /* DateHelper.swift in Sources */,
				ADBBC69E1EB1704500256469 /* GSFile.swift in Sources */,
			);
			runOnlyForDeploymentPostprocessing = 0;
		};
		ADAB89411EA5990A004E0370 /* Sources */ = {
			isa = PBXSourcesBuildPhase;
			buildActionMask = 2147483647;
			files = (
				ADAB894A1EA5990A004E0370 /* GistSearcherTests.swift in Sources */,
			);
			runOnlyForDeploymentPostprocessing = 0;
		};
/* End PBXSourcesBuildPhase section */

/* Begin PBXTargetDependency section */
		ADAB89471EA5990A004E0370 /* PBXTargetDependency */ = {
			isa = PBXTargetDependency;
			target = ADAB89301EA5990A004E0370 /* GistSearcher */;
			targetProxy = ADAB89461EA5990A004E0370 /* PBXContainerItemProxy */;
		};
/* End PBXTargetDependency section */

/* Begin PBXVariantGroup section */
		ADAB89381EA5990A004E0370 /* Main.storyboard */ = {
			isa = PBXVariantGroup;
			children = (
				ADAB89391EA5990A004E0370 /* Base */,
			);
			name = Main.storyboard;
			sourceTree = "<group>";
		};
		ADAB893D1EA5990A004E0370 /* LaunchScreen.storyboard */ = {
			isa = PBXVariantGroup;
			children = (
				ADAB893E1EA5990A004E0370 /* Base */,
			);
			name = LaunchScreen.storyboard;
			sourceTree = "<group>";
		};
/* End PBXVariantGroup section */

/* Begin XCBuildConfiguration section */
		ADAB894C1EA5990A004E0370 /* Debug */ = {
			isa = XCBuildConfiguration;
			buildSettings = {
				ALWAYS_SEARCH_USER_PATHS = NO;
				CLANG_ANALYZER_NONNULL = YES;
				CLANG_ANALYZER_NUMBER_OBJECT_CONVERSION = YES_AGGRESSIVE;
				CLANG_CXX_LANGUAGE_STANDARD = "gnu++0x";
				CLANG_CXX_LIBRARY = "libc++";
				CLANG_ENABLE_MODULES = YES;
				CLANG_ENABLE_OBJC_ARC = YES;
				CLANG_WARN_BOOL_CONVERSION = YES;
				CLANG_WARN_CONSTANT_CONVERSION = YES;
				CLANG_WARN_DIRECT_OBJC_ISA_USAGE = YES_ERROR;
				CLANG_WARN_DOCUMENTATION_COMMENTS = YES;
				CLANG_WARN_EMPTY_BODY = YES;
				CLANG_WARN_ENUM_CONVERSION = YES;
				CLANG_WARN_INFINITE_RECURSION = YES;
				CLANG_WARN_INT_CONVERSION = YES;
				CLANG_WARN_OBJC_ROOT_CLASS = YES_ERROR;
				CLANG_WARN_SUSPICIOUS_MOVE = YES;
				CLANG_WARN_UNREACHABLE_CODE = YES;
				CLANG_WARN__DUPLICATE_METHOD_MATCH = YES;
				"CODE_SIGN_IDENTITY[sdk=iphoneos*]" = "iPhone Developer";
				COPY_PHASE_STRIP = NO;
				DEBUG_INFORMATION_FORMAT = dwarf;
				ENABLE_STRICT_OBJC_MSGSEND = YES;
				ENABLE_TESTABILITY = YES;
				GCC_C_LANGUAGE_STANDARD = gnu99;
				GCC_DYNAMIC_NO_PIC = NO;
				GCC_NO_COMMON_BLOCKS = YES;
				GCC_OPTIMIZATION_LEVEL = 0;
				GCC_PREPROCESSOR_DEFINITIONS = (
					"DEBUG=1",
					"$(inherited)",
				);
				GCC_WARN_64_TO_32_BIT_CONVERSION = YES;
				GCC_WARN_ABOUT_RETURN_TYPE = YES_ERROR;
				GCC_WARN_UNDECLARED_SELECTOR = YES;
				GCC_WARN_UNINITIALIZED_AUTOS = YES_AGGRESSIVE;
				GCC_WARN_UNUSED_FUNCTION = YES;
				GCC_WARN_UNUSED_VARIABLE = YES;
				IPHONEOS_DEPLOYMENT_TARGET = 9.0;
				MTL_ENABLE_DEBUG_INFO = YES;
				ONLY_ACTIVE_ARCH = YES;
				SDKROOT = iphoneos;
				SWIFT_ACTIVE_COMPILATION_CONDITIONS = DEBUG;
				SWIFT_OPTIMIZATION_LEVEL = "-Onone";
				TARGETED_DEVICE_FAMILY = "1,2";
			};
			name = Debug;
		};
		ADAB894D1EA5990A004E0370 /* Release */ = {
			isa = XCBuildConfiguration;
			buildSettings = {
				ALWAYS_SEARCH_USER_PATHS = NO;
				CLANG_ANALYZER_NONNULL = YES;
				CLANG_ANALYZER_NUMBER_OBJECT_CONVERSION = YES_AGGRESSIVE;
				CLANG_CXX_LANGUAGE_STANDARD = "gnu++0x";
				CLANG_CXX_LIBRARY = "libc++";
				CLANG_ENABLE_MODULES = YES;
				CLANG_ENABLE_OBJC_ARC = YES;
				CLANG_WARN_BOOL_CONVERSION = YES;
				CLANG_WARN_CONSTANT_CONVERSION = YES;
				CLANG_WARN_DIRECT_OBJC_ISA_USAGE = YES_ERROR;
				CLANG_WARN_DOCUMENTATION_COMMENTS = YES;
				CLANG_WARN_EMPTY_BODY = YES;
				CLANG_WARN_ENUM_CONVERSION = YES;
				CLANG_WARN_INFINITE_RECURSION = YES;
				CLANG_WARN_INT_CONVERSION = YES;
				CLANG_WARN_OBJC_ROOT_CLASS = YES_ERROR;
				CLANG_WARN_SUSPICIOUS_MOVE = YES;
				CLANG_WARN_UNREACHABLE_CODE = YES;
				CLANG_WARN__DUPLICATE_METHOD_MATCH = YES;
				"CODE_SIGN_IDENTITY[sdk=iphoneos*]" = "iPhone Developer";
				COPY_PHASE_STRIP = NO;
				DEBUG_INFORMATION_FORMAT = "dwarf-with-dsym";
				ENABLE_NS_ASSERTIONS = NO;
				ENABLE_STRICT_OBJC_MSGSEND = YES;
				GCC_C_LANGUAGE_STANDARD = gnu99;
				GCC_NO_COMMON_BLOCKS = YES;
				GCC_WARN_64_TO_32_BIT_CONVERSION = YES;
				GCC_WARN_ABOUT_RETURN_TYPE = YES_ERROR;
				GCC_WARN_UNDECLARED_SELECTOR = YES;
				GCC_WARN_UNINITIALIZED_AUTOS = YES_AGGRESSIVE;
				GCC_WARN_UNUSED_FUNCTION = YES;
				GCC_WARN_UNUSED_VARIABLE = YES;
				IPHONEOS_DEPLOYMENT_TARGET = 9.0;
				MTL_ENABLE_DEBUG_INFO = NO;
				SDKROOT = iphoneos;
				SWIFT_OPTIMIZATION_LEVEL = "-Owholemodule";
				TARGETED_DEVICE_FAMILY = "1,2";
				VALIDATE_PRODUCT = YES;
			};
			name = Release;
		};
		ADAB894F1EA5990A004E0370 /* Debug */ = {
			isa = XCBuildConfiguration;
			baseConfigurationReference = 7E8A6113D551B53A4E674DAC /* Pods-GistSearcher.debug.xcconfig */;
			buildSettings = {
				ASSETCATALOG_COMPILER_APPICON_NAME = AppIcon;
				CLANG_ENABLE_MODULES = YES;
				DEVELOPMENT_TEAM = 38HUSCHT3G;
				INFOPLIST_FILE = GistSearcher/Info.plist;
				LD_RUNPATH_SEARCH_PATHS = "$(inherited) @executable_path/Frameworks";
				PRODUCT_BUNDLE_IDENTIFIER = com.choynowski.GistSearcher;
				PRODUCT_NAME = "$(TARGET_NAME)";
				SWIFT_OBJC_BRIDGING_HEADER = "GistSearcher/GistSearcher-Bridging-Header.h";
				SWIFT_OPTIMIZATION_LEVEL = "-Onone";
				SWIFT_VERSION = 3.0;
			};
			name = Debug;
		};
		ADAB89501EA5990A004E0370 /* Release */ = {
			isa = XCBuildConfiguration;
			baseConfigurationReference = 7DC5D795CFAE84C2FBFBB252 /* Pods-GistSearcher.release.xcconfig */;
			buildSettings = {
				ASSETCATALOG_COMPILER_APPICON_NAME = AppIcon;
				CLANG_ENABLE_MODULES = YES;
				DEVELOPMENT_TEAM = 38HUSCHT3G;
				INFOPLIST_FILE = GistSearcher/Info.plist;
				LD_RUNPATH_SEARCH_PATHS = "$(inherited) @executable_path/Frameworks";
				PRODUCT_BUNDLE_IDENTIFIER = com.choynowski.GistSearcher;
				PRODUCT_NAME = "$(TARGET_NAME)";
				SWIFT_OBJC_BRIDGING_HEADER = "GistSearcher/GistSearcher-Bridging-Header.h";
				SWIFT_VERSION = 3.0;
			};
			name = Release;
		};
		ADAB89521EA5990A004E0370 /* Debug */ = {
			isa = XCBuildConfiguration;
			baseConfigurationReference = BB4D296474DF54C87B982DFD /* Pods-GistSearcherTests.debug.xcconfig */;
			buildSettings = {
				ALWAYS_EMBED_SWIFT_STANDARD_LIBRARIES = YES;
				BUNDLE_LOADER = "$(TEST_HOST)";
				INFOPLIST_FILE = GistSearcherTests/Info.plist;
				LD_RUNPATH_SEARCH_PATHS = "$(inherited) @executable_path/Frameworks @loader_path/Frameworks";
				PRODUCT_BUNDLE_IDENTIFIER = com.choynowski.GistSearcherTests;
				PRODUCT_NAME = "$(TARGET_NAME)";
				SWIFT_VERSION = 3.0;
				TEST_HOST = "$(BUILT_PRODUCTS_DIR)/GistSearcher.app/GistSearcher";
			};
			name = Debug;
		};
		ADAB89531EA5990A004E0370 /* Release */ = {
			isa = XCBuildConfiguration;
			baseConfigurationReference = 1D37CB19577852B8A5EDFDAA /* Pods-GistSearcherTests.release.xcconfig */;
			buildSettings = {
				ALWAYS_EMBED_SWIFT_STANDARD_LIBRARIES = YES;
				BUNDLE_LOADER = "$(TEST_HOST)";
				INFOPLIST_FILE = GistSearcherTests/Info.plist;
				LD_RUNPATH_SEARCH_PATHS = "$(inherited) @executable_path/Frameworks @loader_path/Frameworks";
				PRODUCT_BUNDLE_IDENTIFIER = com.choynowski.GistSearcherTests;
				PRODUCT_NAME = "$(TARGET_NAME)";
				SWIFT_VERSION = 3.0;
				TEST_HOST = "$(BUILT_PRODUCTS_DIR)/GistSearcher.app/GistSearcher";
			};
			name = Release;
		};
/* End XCBuildConfiguration section */

/* Begin XCConfigurationList section */
		ADAB892C1EA5990A004E0370 /* Build configuration list for PBXProject "GistSearcher" */ = {
			isa = XCConfigurationList;
			buildConfigurations = (
				ADAB894C1EA5990A004E0370 /* Debug */,
				ADAB894D1EA5990A004E0370 /* Release */,
			);
			defaultConfigurationIsVisible = 0;
			defaultConfigurationName = Release;
		};
		ADAB894E1EA5990A004E0370 /* Build configuration list for PBXNativeTarget "GistSearcher" */ = {
			isa = XCConfigurationList;
			buildConfigurations = (
				ADAB894F1EA5990A004E0370 /* Debug */,
				ADAB89501EA5990A004E0370 /* Release */,
			);
			defaultConfigurationIsVisible = 0;
			defaultConfigurationName = Release;
		};
		ADAB89511EA5990A004E0370 /* Build configuration list for PBXNativeTarget "GistSearcherTests" */ = {
			isa = XCConfigurationList;
			buildConfigurations = (
				ADAB89521EA5990A004E0370 /* Debug */,
				ADAB89531EA5990A004E0370 /* Release */,
			);
			defaultConfigurationIsVisible = 0;
			defaultConfigurationName = Release;
		};
/* End XCConfigurationList section */
	};
	rootObject = ADAB89291EA5990A004E0370 /* Project object */;
}
